// !$*UTF8*$!
{
	archiveVersion = 1;
	classes = {
	};
	objectVersion = 55;
	objects = {

/* Begin PBXBuildFile section */
		6145D49728C53AAC00BA8FFF /* SwiftUI_CoffeeAppApp.swift in Sources */ = {isa = PBXBuildFile; fileRef = 6145D49628C53AAC00BA8FFF /* SwiftUI_CoffeeAppApp.swift */; };
		6145D49928C53AAC00BA8FFF /* ContentView.swift in Sources */ = {isa = PBXBuildFile; fileRef = 6145D49828C53AAC00BA8FFF /* ContentView.swift */; };
		6145D49B28C53AAC00BA8FFF /* Assets.xcassets in Resources */ = {isa = PBXBuildFile; fileRef = 6145D49A28C53AAC00BA8FFF /* Assets.xcassets */; };
		6145D49E28C53AAC00BA8FFF /* Preview Assets.xcassets in Resources */ = {isa = PBXBuildFile; fileRef = 6145D49D28C53AAC00BA8FFF /* Preview Assets.xcassets */; };
		6145D4A828C53AAC00BA8FFF /* SwiftUI_CoffeeAppTests.swift in Sources */ = {isa = PBXBuildFile; fileRef = 6145D4A728C53AAC00BA8FFF /* SwiftUI_CoffeeAppTests.swift */; };
		6145D4B228C53AAD00BA8FFF /* SwiftUI_CoffeeAppUITests.swift in Sources */ = {isa = PBXBuildFile; fileRef = 6145D4B128C53AAD00BA8FFF /* SwiftUI_CoffeeAppUITests.swift */; };
		6145D4B428C53AAD00BA8FFF /* SwiftUI_CoffeeAppUITestsLaunchTests.swift in Sources */ = {isa = PBXBuildFile; fileRef = 6145D4B328C53AAD00BA8FFF /* SwiftUI_CoffeeAppUITestsLaunchTests.swift */; };
		6145D4C428C53AF600BA8FFF /* CoffeeOrder.swift in Sources */ = {isa = PBXBuildFile; fileRef = 6145D4C328C53AF600BA8FFF /* CoffeeOrder.swift */; };
		6145D4C628C53B1400BA8FFF /* SavedOrderResponse.swift in Sources */ = {isa = PBXBuildFile; fileRef = 6145D4C528C53B1400BA8FFF /* SavedOrderResponse.swift */; };
		6145D4C828C53B3700BA8FFF /* Webservice.swift in Sources */ = {isa = PBXBuildFile; fileRef = 6145D4C728C53B3700BA8FFF /* Webservice.swift */; };
		6145D4CA28C53B8000BA8FFF /* AddCoffeeOrderView.swift in Sources */ = {isa = PBXBuildFile; fileRef = 6145D4C928C53B8000BA8FFF /* AddCoffeeOrderView.swift */; };
		6145D5A128C55C2400BA8FFF /* Launch Screen.storyboard in Resources */ = {isa = PBXBuildFile; fileRef = 6145D5A028C55C2400BA8FFF /* Launch Screen.storyboard */; };
/* End PBXBuildFile section */

/* Begin PBXContainerItemProxy section */
		6145D4A428C53AAC00BA8FFF /* PBXContainerItemProxy */ = {
			isa = PBXContainerItemProxy;
			containerPortal = 6145D48B28C53AAC00BA8FFF /* Project object */;
			proxyType = 1;
			remoteGlobalIDString = 6145D49228C53AAC00BA8FFF;
			remoteInfo = "SwiftUI-CoffeeApp";
		};
		6145D4AE28C53AAD00BA8FFF /* PBXContainerItemProxy */ = {
			isa = PBXContainerItemProxy;
			containerPortal = 6145D48B28C53AAC00BA8FFF /* Project object */;
			proxyType = 1;
			remoteGlobalIDString = 6145D49228C53AAC00BA8FFF;
			remoteInfo = "SwiftUI-CoffeeApp";
		};
/* End PBXContainerItemProxy section */

/* Begin PBXFileReference section */
		6145D49328C53AAC00BA8FFF /* SwiftUI-CoffeeApp.app */ = {isa = PBXFileReference; explicitFileType = wrapper.application; includeInIndex = 0; path = "SwiftUI-CoffeeApp.app"; sourceTree = BUILT_PRODUCTS_DIR; };
		6145D49628C53AAC00BA8FFF /* SwiftUI_CoffeeAppApp.swift */ = {isa = PBXFileReference; lastKnownFileType = sourcecode.swift; path = SwiftUI_CoffeeAppApp.swift; sourceTree = "<group>"; };
		6145D49828C53AAC00BA8FFF /* ContentView.swift */ = {isa = PBXFileReference; lastKnownFileType = sourcecode.swift; path = ContentView.swift; sourceTree = "<group>"; };
		6145D49A28C53AAC00BA8FFF /* Assets.xcassets */ = {isa = PBXFileReference; lastKnownFileType = folder.assetcatalog; path = Assets.xcassets; sourceTree = "<group>"; };
		6145D49D28C53AAC00BA8FFF /* Preview Assets.xcassets */ = {isa = PBXFileReference; lastKnownFileType = folder.assetcatalog; path = "Preview Assets.xcassets"; sourceTree = "<group>"; };
		6145D4A328C53AAC00BA8FFF /* SwiftUI-CoffeeAppTests.xctest */ = {isa = PBXFileReference; explicitFileType = wrapper.cfbundle; includeInIndex = 0; path = "SwiftUI-CoffeeAppTests.xctest"; sourceTree = BUILT_PRODUCTS_DIR; };
		6145D4A728C53AAC00BA8FFF /* SwiftUI_CoffeeAppTests.swift */ = {isa = PBXFileReference; lastKnownFileType = sourcecode.swift; path = SwiftUI_CoffeeAppTests.swift; sourceTree = "<group>"; };
		6145D4AD28C53AAD00BA8FFF /* SwiftUI-CoffeeAppUITests.xctest */ = {isa = PBXFileReference; explicitFileType = wrapper.cfbundle; includeInIndex = 0; path = "SwiftUI-CoffeeAppUITests.xctest"; sourceTree = BUILT_PRODUCTS_DIR; };
		6145D4B128C53AAD00BA8FFF /* SwiftUI_CoffeeAppUITests.swift */ = {isa = PBXFileReference; lastKnownFileType = sourcecode.swift; path = SwiftUI_CoffeeAppUITests.swift; sourceTree = "<group>"; };
		6145D4B328C53AAD00BA8FFF /* SwiftUI_CoffeeAppUITestsLaunchTests.swift */ = {isa = PBXFileReference; lastKnownFileType = sourcecode.swift; path = SwiftUI_CoffeeAppUITestsLaunchTests.swift; sourceTree = "<group>"; };
		6145D4C328C53AF600BA8FFF /* CoffeeOrder.swift */ = {isa = PBXFileReference; lastKnownFileType = sourcecode.swift; path = CoffeeOrder.swift; sourceTree = "<group>"; };
		6145D4C528C53B1400BA8FFF /* SavedOrderResponse.swift */ = {isa = PBXFileReference; lastKnownFileType = sourcecode.swift; path = SavedOrderResponse.swift; sourceTree = "<group>"; };
		6145D4C728C53B3700BA8FFF /* Webservice.swift */ = {isa = PBXFileReference; lastKnownFileType = sourcecode.swift; path = Webservice.swift; sourceTree = "<group>"; };
		6145D4C928C53B8000BA8FFF /* AddCoffeeOrderView.swift */ = {isa = PBXFileReference; lastKnownFileType = sourcecode.swift; path = AddCoffeeOrderView.swift; sourceTree = "<group>"; };
		6145D4CB28C53CCF00BA8FFF /* Info.plist */ = {isa = PBXFileReference; lastKnownFileType = text.plist; path = Info.plist; sourceTree = "<group>"; };
		6145D5A028C55C2400BA8FFF /* Launch Screen.storyboard */ = {isa = PBXFileReference; lastKnownFileType = file.storyboard; path = "Launch Screen.storyboard"; sourceTree = "<group>"; };
/* End PBXFileReference section */

/* Begin PBXFrameworksBuildPhase section */
		6145D49028C53AAC00BA8FFF /* Frameworks */ = {
			isa = PBXFrameworksBuildPhase;
			buildActionMask = 2147483647;
			files = (
			);
			runOnlyForDeploymentPostprocessing = 0;
		};
		6145D4A028C53AAC00BA8FFF /* Frameworks */ = {
			isa = PBXFrameworksBuildPhase;
			buildActionMask = 2147483647;
			files = (
			);
			runOnlyForDeploymentPostprocessing = 0;
		};
		6145D4AA28C53AAD00BA8FFF /* Frameworks */ = {
			isa = PBXFrameworksBuildPhase;
			buildActionMask = 2147483647;
			files = (
			);
			runOnlyForDeploymentPostprocessing = 0;
		};
/* End PBXFrameworksBuildPhase section */

/* Begin PBXGroup section */
		6145D48A28C53AAC00BA8FFF = {
			isa = PBXGroup;
			children = (
				6145D49528C53AAC00BA8FFF /* SwiftUI-CoffeeApp */,
				6145D4A628C53AAC00BA8FFF /* SwiftUI-CoffeeAppTests */,
				6145D4B028C53AAD00BA8FFF /* SwiftUI-CoffeeAppUITests */,
				6145D49428C53AAC00BA8FFF /* Products */,
			);
			sourceTree = "<group>";
		};
		6145D49428C53AAC00BA8FFF /* Products */ = {
			isa = PBXGroup;
			children = (
				6145D49328C53AAC00BA8FFF /* SwiftUI-CoffeeApp.app */,
				6145D4A328C53AAC00BA8FFF /* SwiftUI-CoffeeAppTests.xctest */,
				6145D4AD28C53AAD00BA8FFF /* SwiftUI-CoffeeAppUITests.xctest */,
			);
			name = Products;
			sourceTree = "<group>";
		};
		6145D49528C53AAC00BA8FFF /* SwiftUI-CoffeeApp */ = {
			isa = PBXGroup;
			children = (
				6145D49628C53AAC00BA8FFF /* SwiftUI_CoffeeAppApp.swift */,
				6145D4CB28C53CCF00BA8FFF /* Info.plist */,
				6145D4C228C53ADC00BA8FFF /* Model */,
				6145D4C128C53AD100BA8FFF /* Service */,
				6145D4C028C53ACA00BA8FFF /* View */,
				6145D49A28C53AAC00BA8FFF /* Assets.xcassets */,
				6145D49C28C53AAC00BA8FFF /* Preview Content */,
				6145D5A028C55C2400BA8FFF /* Launch Screen.storyboard */,
			);
			path = "SwiftUI-CoffeeApp";
			sourceTree = "<group>";
		};
		6145D49C28C53AAC00BA8FFF /* Preview Content */ = {
			isa = PBXGroup;
			children = (
				6145D49D28C53AAC00BA8FFF /* Preview Assets.xcassets */,
			);
			path = "Preview Content";
			sourceTree = "<group>";
		};
		6145D4A628C53AAC00BA8FFF /* SwiftUI-CoffeeAppTests */ = {
			isa = PBXGroup;
			children = (
				6145D4A728C53AAC00BA8FFF /* SwiftUI_CoffeeAppTests.swift */,
			);
			path = "SwiftUI-CoffeeAppTests";
			sourceTree = "<group>";
		};
		6145D4B028C53AAD00BA8FFF /* SwiftUI-CoffeeAppUITests */ = {
			isa = PBXGroup;
			children = (
				6145D4B128C53AAD00BA8FFF /* SwiftUI_CoffeeAppUITests.swift */,
				6145D4B328C53AAD00BA8FFF /* SwiftUI_CoffeeAppUITestsLaunchTests.swift */,
			);
			path = "SwiftUI-CoffeeAppUITests";
			sourceTree = "<group>";
		};
		6145D4C028C53ACA00BA8FFF /* View */ = {
			isa = PBXGroup;
			children = (
				6145D49828C53AAC00BA8FFF /* ContentView.swift */,
				6145D4C928C53B8000BA8FFF /* AddCoffeeOrderView.swift */,
			);
			path = View;
			sourceTree = "<group>";
		};
		6145D4C128C53AD100BA8FFF /* Service */ = {
			isa = PBXGroup;
			children = (
				6145D4C728C53B3700BA8FFF /* Webservice.swift */,
			);
			path = Service;
			sourceTree = "<group>";
		};
		6145D4C228C53ADC00BA8FFF /* Model */ = {
			isa = PBXGroup;
			children = (
				6145D4C328C53AF600BA8FFF /* CoffeeOrder.swift */,
				6145D4C528C53B1400BA8FFF /* SavedOrderResponse.swift */,
			);
			path = Model;
			sourceTree = "<group>";
		};
/* End PBXGroup section */

/* Begin PBXNativeTarget section */
		6145D49228C53AAC00BA8FFF /* SwiftUI-CoffeeApp */ = {
			isa = PBXNativeTarget;
			buildConfigurationList = 6145D4B728C53AAD00BA8FFF /* Build configuration list for PBXNativeTarget "SwiftUI-CoffeeApp" */;
			buildPhases = (
				6145D48F28C53AAC00BA8FFF /* Sources */,
				6145D49028C53AAC00BA8FFF /* Frameworks */,
				6145D49128C53AAC00BA8FFF /* Resources */,
			);
			buildRules = (
			);
			dependencies = (
			);
			name = "SwiftUI-CoffeeApp";
			productName = "SwiftUI-CoffeeApp";
			productReference = 6145D49328C53AAC00BA8FFF /* SwiftUI-CoffeeApp.app */;
			productType = "com.apple.product-type.application";
		};
		6145D4A228C53AAC00BA8FFF /* SwiftUI-CoffeeAppTests */ = {
			isa = PBXNativeTarget;
			buildConfigurationList = 6145D4BA28C53AAD00BA8FFF /* Build configuration list for PBXNativeTarget "SwiftUI-CoffeeAppTests" */;
			buildPhases = (
				6145D49F28C53AAC00BA8FFF /* Sources */,
				6145D4A028C53AAC00BA8FFF /* Frameworks */,
				6145D4A128C53AAC00BA8FFF /* Resources */,
			);
			buildRules = (
			);
			dependencies = (
				6145D4A528C53AAC00BA8FFF /* PBXTargetDependency */,
			);
			name = "SwiftUI-CoffeeAppTests";
			productName = "SwiftUI-CoffeeAppTests";
			productReference = 6145D4A328C53AAC00BA8FFF /* SwiftUI-CoffeeAppTests.xctest */;
			productType = "com.apple.product-type.bundle.unit-test";
		};
		6145D4AC28C53AAD00BA8FFF /* SwiftUI-CoffeeAppUITests */ = {
			isa = PBXNativeTarget;
			buildConfigurationList = 6145D4BD28C53AAD00BA8FFF /* Build configuration list for PBXNativeTarget "SwiftUI-CoffeeAppUITests" */;
			buildPhases = (
				6145D4A928C53AAD00BA8FFF /* Sources */,
				6145D4AA28C53AAD00BA8FFF /* Frameworks */,
				6145D4AB28C53AAD00BA8FFF /* Resources */,
			);
			buildRules = (
			);
			dependencies = (
				6145D4AF28C53AAD00BA8FFF /* PBXTargetDependency */,
			);
			name = "SwiftUI-CoffeeAppUITests";
			productName = "SwiftUI-CoffeeAppUITests";
			productReference = 6145D4AD28C53AAD00BA8FFF /* SwiftUI-CoffeeAppUITests.xctest */;
			productType = "com.apple.product-type.bundle.ui-testing";
		};
/* End PBXNativeTarget section */

/* Begin PBXProject section */
		6145D48B28C53AAC00BA8FFF /* Project object */ = {
			isa = PBXProject;
			attributes = {
				BuildIndependentTargetsInParallel = 1;
				LastSwiftUpdateCheck = 1340;
				LastUpgradeCheck = 1340;
				TargetAttributes = {
					6145D49228C53AAC00BA8FFF = {
						CreatedOnToolsVersion = 13.4.1;
					};
					6145D4A228C53AAC00BA8FFF = {
						CreatedOnToolsVersion = 13.4.1;
						TestTargetID = 6145D49228C53AAC00BA8FFF;
					};
					6145D4AC28C53AAD00BA8FFF = {
						CreatedOnToolsVersion = 13.4.1;
						TestTargetID = 6145D49228C53AAC00BA8FFF;
					};
				};
			};
			buildConfigurationList = 6145D48E28C53AAC00BA8FFF /* Build configuration list for PBXProject "SwiftUI-CoffeeApp" */;
			compatibilityVersion = "Xcode 13.0";
			developmentRegion = en;
			hasScannedForEncodings = 0;
			knownRegions = (
				en,
				Base,
			);
			mainGroup = 6145D48A28C53AAC00BA8FFF;
			productRefGroup = 6145D49428C53AAC00BA8FFF /* Products */;
			projectDirPath = "";
			projectRoot = "";
			targets = (
				6145D49228C53AAC00BA8FFF /* SwiftUI-CoffeeApp */,
				6145D4A228C53AAC00BA8FFF /* SwiftUI-CoffeeAppTests */,
				6145D4AC28C53AAD00BA8FFF /* SwiftUI-CoffeeAppUITests */,
			);
		};
/* End PBXProject section */

/* Begin PBXResourcesBuildPhase section */
		6145D49128C53AAC00BA8FFF /* Resources */ = {
			isa = PBXResourcesBuildPhase;
			buildActionMask = 2147483647;
			files = (
				6145D5A128C55C2400BA8FFF /* Launch Screen.storyboard in Resources */,
				6145D49E28C53AAC00BA8FFF /* Preview Assets.xcassets in Resources */,
				6145D49B28C53AAC00BA8FFF /* Assets.xcassets in Resources */,
			);
			runOnlyForDeploymentPostprocessing = 0;
		};
		6145D4A128C53AAC00BA8FFF /* Resources */ = {
			isa = PBXResourcesBuildPhase;
			buildActionMask = 2147483647;
			files = (
			);
			runOnlyForDeploymentPostprocessing = 0;
		};
		6145D4AB28C53AAD00BA8FFF /* Resources */ = {
			isa = PBXResourcesBuildPhase;
			buildActionMask = 2147483647;
			files = (
			);
			runOnlyForDeploymentPostprocessing = 0;
		};
/* End PBXResourcesBuildPhase section */

/* Begin PBXSourcesBuildPhase section */
		6145D48F28C53AAC00BA8FFF /* Sources */ = {
			isa = PBXSourcesBuildPhase;
			buildActionMask = 2147483647;
			files = (
				6145D49928C53AAC00BA8FFF /* ContentView.swift in Sources */,
				6145D4C628C53B1400BA8FFF /* SavedOrderResponse.swift in Sources */,
				6145D49728C53AAC00BA8FFF /* SwiftUI_CoffeeAppApp.swift in Sources */,
				6145D4CA28C53B8000BA8FFF /* AddCoffeeOrderView.swift in Sources */,
				6145D4C828C53B3700BA8FFF /* Webservice.swift in Sources */,
				6145D4C428C53AF600BA8FFF /* CoffeeOrder.swift in Sources */,
			);
			runOnlyForDeploymentPostprocessing = 0;
		};
		6145D49F28C53AAC00BA8FFF /* Sources */ = {
			isa = PBXSourcesBuildPhase;
			buildActionMask = 2147483647;
			files = (
				6145D4A828C53AAC00BA8FFF /* SwiftUI_CoffeeAppTests.swift in Sources */,
			);
			runOnlyForDeploymentPostprocessing = 0;
		};
		6145D4A928C53AAD00BA8FFF /* Sources */ = {
			isa = PBXSourcesBuildPhase;
			buildActionMask = 2147483647;
			files = (
				6145D4B428C53AAD00BA8FFF /* SwiftUI_CoffeeAppUITestsLaunchTests.swift in Sources */,
				6145D4B228C53AAD00BA8FFF /* SwiftUI_CoffeeAppUITests.swift in Sources */,
			);
			runOnlyForDeploymentPostprocessing = 0;
		};
/* End PBXSourcesBuildPhase section */

/* Begin PBXTargetDependency section */
		6145D4A528C53AAC00BA8FFF /* PBXTargetDependency */ = {
			isa = PBXTargetDependency;
			target = 6145D49228C53AAC00BA8FFF /* SwiftUI-CoffeeApp */;
			targetProxy = 6145D4A428C53AAC00BA8FFF /* PBXContainerItemProxy */;
		};
		6145D4AF28C53AAD00BA8FFF /* PBXTargetDependency */ = {
			isa = PBXTargetDependency;
			target = 6145D49228C53AAC00BA8FFF /* SwiftUI-CoffeeApp */;
			targetProxy = 6145D4AE28C53AAD00BA8FFF /* PBXContainerItemProxy */;
		};
/* End PBXTargetDependency section */

/* Begin XCBuildConfiguration section */
		6145D4B528C53AAD00BA8FFF /* Debug */ = {
			isa = XCBuildConfiguration;
			buildSettings = {
				ALWAYS_SEARCH_USER_PATHS = NO;
				CLANG_ANALYZER_NONNULL = YES;
				CLANG_ANALYZER_NUMBER_OBJECT_CONVERSION = YES_AGGRESSIVE;
				CLANG_CXX_LANGUAGE_STANDARD = "gnu++17";
				CLANG_ENABLE_MODULES = YES;
				CLANG_ENABLE_OBJC_ARC = YES;
				CLANG_ENABLE_OBJC_WEAK = YES;
				CLANG_WARN_BLOCK_CAPTURE_AUTORELEASING = YES;
				CLANG_WARN_BOOL_CONVERSION = YES;
				CLANG_WARN_COMMA = YES;
				CLANG_WARN_CONSTANT_CONVERSION = YES;
				CLANG_WARN_DEPRECATED_OBJC_IMPLEMENTATIONS = YES;
				CLANG_WARN_DIRECT_OBJC_ISA_USAGE = YES_ERROR;
				CLANG_WARN_DOCUMENTATION_COMMENTS = YES;
				CLANG_WARN_EMPTY_BODY = YES;
				CLANG_WARN_ENUM_CONVERSION = YES;
				CLANG_WARN_INFINITE_RECURSION = YES;
				CLANG_WARN_INT_CONVERSION = YES;
				CLANG_WARN_NON_LITERAL_NULL_CONVERSION = YES;
				CLANG_WARN_OBJC_IMPLICIT_RETAIN_SELF = YES;
				CLANG_WARN_OBJC_LITERAL_CONVERSION = YES;
				CLANG_WARN_OBJC_ROOT_CLASS = YES_ERROR;
				CLANG_WARN_QUOTED_INCLUDE_IN_FRAMEWORK_HEADER = YES;
				CLANG_WARN_RANGE_LOOP_ANALYSIS = YES;
				CLANG_WARN_STRICT_PROTOTYPES = YES;
				CLANG_WARN_SUSPICIOUS_MOVE = YES;
				CLANG_WARN_UNGUARDED_AVAILABILITY = YES_AGGRESSIVE;
				CLANG_WARN_UNREACHABLE_CODE = YES;
				CLANG_WARN__DUPLICATE_METHOD_MATCH = YES;
				COPY_PHASE_STRIP = NO;
				DEBUG_INFORMATION_FORMAT = dwarf;
				ENABLE_STRICT_OBJC_MSGSEND = YES;
				ENABLE_TESTABILITY = YES;
				GCC_C_LANGUAGE_STANDARD = gnu11;
				GCC_DYNAMIC_NO_PIC = NO;
				GCC_NO_COMMON_BLOCKS = YES;
				GCC_OPTIMIZATION_LEVEL = 0;
				GCC_PREPROCESSOR_DEFINITIONS = (
					"DEBUG=1",
					"$(inherited)",
				);
				GCC_WARN_64_TO_32_BIT_CONVERSION = YES;
				GCC_WARN_ABOUT_RETURN_TYPE = YES_ERROR;
				GCC_WARN_UNDECLARED_SELECTOR = YES;
				GCC_WARN_UNINITIALIZED_AUTOS = YES_AGGRESSIVE;
				GCC_WARN_UNUSED_FUNCTION = YES;
				GCC_WARN_UNUSED_VARIABLE = YES;
				IPHONEOS_DEPLOYMENT_TARGET = 15.5;
				MTL_ENABLE_DEBUG_INFO = INCLUDE_SOURCE;
				MTL_FAST_MATH = YES;
				ONLY_ACTIVE_ARCH = YES;
				SDKROOT = iphoneos;
				SWIFT_ACTIVE_COMPILATION_CONDITIONS = DEBUG;
				SWIFT_OPTIMIZATION_LEVEL = "-Onone";
			};
			name = Debug;
		};
		6145D4B628C53AAD00BA8FFF /* Release */ = {
			isa = XCBuildConfiguration;
			buildSettings = {
				ALWAYS_SEARCH_USER_PATHS = NO;
				CLANG_ANALYZER_NONNULL = YES;
				CLANG_ANALYZER_NUMBER_OBJECT_CONVERSION = YES_AGGRESSIVE;
				CLANG_CXX_LANGUAGE_STANDARD = "gnu++17";
				CLANG_ENABLE_MODULES = YES;
				CLANG_ENABLE_OBJC_ARC = YES;
				CLANG_ENABLE_OBJC_WEAK = YES;
				CLANG_WARN_BLOCK_CAPTURE_AUTORELEASING = YES;
				CLANG_WARN_BOOL_CONVERSION = YES;
				CLANG_WARN_COMMA = YES;
				CLANG_WARN_CONSTANT_CONVERSION = YES;
				CLANG_WARN_DEPRECATED_OBJC_IMPLEMENTATIONS = YES;
				CLANG_WARN_DIRECT_OBJC_ISA_USAGE = YES_ERROR;
				CLANG_WARN_DOCUMENTATION_COMMENTS = YES;
				CLANG_WARN_EMPTY_BODY = YES;
				CLANG_WARN_ENUM_CONVERSION = YES;
				CLANG_WARN_INFINITE_RECURSION = YES;
				CLANG_WARN_INT_CONVERSION = YES;
				CLANG_WARN_NON_LITERAL_NULL_CONVERSION = YES;
				CLANG_WARN_OBJC_IMPLICIT_RETAIN_SELF = YES;
				CLANG_WARN_OBJC_LITERAL_CONVERSION = YES;
				CLANG_WARN_OBJC_ROOT_CLASS = YES_ERROR;
				CLANG_WARN_QUOTED_INCLUDE_IN_FRAMEWORK_HEADER = YES;
				CLANG_WARN_RANGE_LOOP_ANALYSIS = YES;
				CLANG_WARN_STRICT_PROTOTYPES = YES;
				CLANG_WARN_SUSPICIOUS_MOVE = YES;
				CLANG_WARN_UNGUARDED_AVAILABILITY = YES_AGGRESSIVE;
				CLANG_WARN_UNREACHABLE_CODE = YES;
				CLANG_WARN__DUPLICATE_METHOD_MATCH = YES;
				COPY_PHASE_STRIP = NO;
				DEBUG_INFORMATION_FORMAT = "dwarf-with-dsym";
				ENABLE_NS_ASSERTIONS = NO;
				ENABLE_STRICT_OBJC_MSGSEND = YES;
				GCC_C_LANGUAGE_STANDARD = gnu11;
				GCC_NO_COMMON_BLOCKS = YES;
				GCC_WARN_64_TO_32_BIT_CONVERSION = YES;
				GCC_WARN_ABOUT_RETURN_TYPE = YES_ERROR;
				GCC_WARN_UNDECLARED_SELECTOR = YES;
				GCC_WARN_UNINITIALIZED_AUTOS = YES_AGGRESSIVE;
				GCC_WARN_UNUSED_FUNCTION = YES;
				GCC_WARN_UNUSED_VARIABLE = YES;
				IPHONEOS_DEPLOYMENT_TARGET = 15.5;
				MTL_ENABLE_DEBUG_INFO = NO;
				MTL_FAST_MATH = YES;
				SDKROOT = iphoneos;
				SWIFT_COMPILATION_MODE = wholemodule;
				SWIFT_OPTIMIZATION_LEVEL = "-O";
				VALIDATE_PRODUCT = YES;
			};
			name = Release;
		};
		6145D4B828C53AAD00BA8FFF /* Debug */ = {
			isa = XCBuildConfiguration;
			buildSettings = {
				ASSETCATALOG_COMPILER_APPICON_NAME = AppIcon;
				ASSETCATALOG_COMPILER_GLOBAL_ACCENT_COLOR_NAME = AccentColor;
				CODE_SIGN_STYLE = Automatic;
				CURRENT_PROJECT_VERSION = 1;
				DEVELOPMENT_ASSET_PATHS = "\"SwiftUI-CoffeeApp/Preview Content\"";
				ENABLE_PREVIEWS = YES;
				GENERATE_INFOPLIST_FILE = YES;
				INFOPLIST_FILE = "SwiftUI-CoffeeApp/Info.plist";
				INFOPLIST_KEY_UIApplicationSceneManifest_Generation = YES;
				INFOPLIST_KEY_UIApplicationSupportsIndirectInputEvents = YES;
				INFOPLIST_KEY_UILaunchScreen_Generation = YES;
				INFOPLIST_KEY_UILaunchStoryboardName = "Launch Screen";
				INFOPLIST_KEY_UISupportedInterfaceOrientations_iPad = "UIInterfaceOrientationPortrait UIInterfaceOrientationPortraitUpsideDown UIInterfaceOrientationLandscapeLeft UIInterfaceOrientationLandscapeRight";
				INFOPLIST_KEY_UISupportedInterfaceOrientations_iPhone = "UIInterfaceOrientationPortrait UIInterfaceOrientationLandscapeLeft UIInterfaceOrientationLandscapeRight";
				LD_RUNPATH_SEARCH_PATHS = (
					"$(inherited)",
					"@executable_path/Frameworks",
				);
				MARKETING_VERSION = 1.0;
				PRODUCT_BUNDLE_IDENTIFIER = "com.SwiftUI-CoffeeApp";
				PRODUCT_NAME = "$(TARGET_NAME)";
				SWIFT_EMIT_LOC_STRINGS = YES;
				SWIFT_VERSION = 5.0;
				TARGETED_DEVICE_FAMILY = "1,2";
			};
			name = Debug;
		};
		6145D4B928C53AAD00BA8FFF /* Release */ = {
			isa = XCBuildConfiguration;
			buildSettings = {
				ASSETCATALOG_COMPILER_APPICON_NAME = AppIcon;
				ASSETCATALOG_COMPILER_GLOBAL_ACCENT_COLOR_NAME = AccentColor;
				CODE_SIGN_STYLE = Automatic;
				CURRENT_PROJECT_VERSION = 1;
				DEVELOPMENT_ASSET_PATHS = "\"SwiftUI-CoffeeApp/Preview Content\"";
				ENABLE_PREVIEWS = YES;
				GENERATE_INFOPLIST_FILE = YES;
				INFOPLIST_FILE = "SwiftUI-CoffeeApp/Info.plist";
				INFOPLIST_KEY_UIApplicationSceneManifest_Generation = YES;
				INFOPLIST_KEY_UIApplicationSupportsIndirectInputEvents = YES;
				INFOPLIST_KEY_UILaunchScreen_Generation = YES;
				INFOPLIST_KEY_UILaunchStoryboardName = "Launch Screen";
				INFOPLIST_KEY_UISupportedInterfaceOrientations_iPad = "UIInterfaceOrientationPortrait UIInterfaceOrientationPortraitUpsideDown UIInterfaceOrientationLandscapeLeft UIInterfaceOrientationLandscapeRight";
				INFOPLIST_KEY_UISupportedInterfaceOrientations_iPhone = "UIInterfaceOrientationPortrait UIInterfaceOrientationLandscapeLeft UIInterfaceOrientationLandscapeRight";
				LD_RUNPATH_SEARCH_PATHS = (
					"$(inherited)",
					"@executable_path/Frameworks",
				);
				MARKETING_VERSION = 1.0;
				PRODUCT_BUNDLE_IDENTIFIER = "com.SwiftUI-CoffeeApp";
				PRODUCT_NAME = "$(TARGET_NAME)";
				SWIFT_EMIT_LOC_STRINGS = YES;
				SWIFT_VERSION = 5.0;
				TARGETED_DEVICE_FAMILY = "1,2";
			};
			name = Release;
		};
		6145D4BB28C53AAD00BA8FFF /* Debug */ = {
			isa = XCBuildConfiguration;
			buildSettings = {
				ALWAYS_EMBED_SWIFT_STANDARD_LIBRARIES = YES;
				BUNDLE_LOADER = "$(TEST_HOST)";
				CODE_SIGN_STYLE = Automatic;
				CURRENT_PROJECT_VERSION = 1;
				GENERATE_INFOPLIST_FILE = YES;
				IPHONEOS_DEPLOYMENT_TARGET = 15.5;
				MARKETING_VERSION = 1.0;
				PRODUCT_BUNDLE_IDENTIFIER = "com.SwiftUI-CoffeeAppTests";
				PRODUCT_NAME = "$(TARGET_NAME)";
				SWIFT_EMIT_LOC_STRINGS = NO;
				SWIFT_VERSION = 5.0;
				TARGETED_DEVICE_FAMILY = "1,2";
				TEST_HOST = "$(BUILT_PRODUCTS_DIR)/SwiftUI-CoffeeApp.app/SwiftUI-CoffeeApp";
			};
			name = Debug;
		};
		6145D4BC28C53AAD00BA8FFF /* Release */ = {
			isa = XCBuildConfiguration;
			buildSettings = {
				ALWAYS_EMBED_SWIFT_STANDARD_LIBRARIES = YES;
				BUNDLE_LOADER = "$(TEST_HOST)";
				CODE_SIGN_STYLE = Automatic;
				CURRENT_PROJECT_VERSION = 1;
				GENERATE_INFOPLIST_FILE = YES;
				IPHONEOS_DEPLOYMENT_TARGET = 15.5;
				MARKETING_VERSION = 1.0;
				PRODUCT_BUNDLE_IDENTIFIER = "com.SwiftUI-CoffeeAppTests";
				PRODUCT_NAME = "$(TARGET_NAME)";
				SWIFT_EMIT_LOC_STRINGS = NO;
				SWIFT_VERSION = 5.0;
				TARGETED_DEVICE_FAMILY = "1,2";
				TEST_HOST = "$(BUILT_PRODUCTS_DIR)/SwiftUI-CoffeeApp.app/SwiftUI-CoffeeApp";
			};
			name = Release;
		};
		6145D4BE28C53AAD00BA8FFF /* Debug */ = {
			isa = XCBuildConfiguration;
			buildSettings = {
				ALWAYS_EMBED_SWIFT_STANDARD_LIBRARIES = YES;
				CODE_SIGN_STYLE = Automatic;
				CURRENT_PROJECT_VERSION = 1;
				GENERATE_INFOPLIST_FILE = YES;
				MARKETING_VERSION = 1.0;
				PRODUCT_BUNDLE_IDENTIFIER = "com.SwiftUI-CoffeeAppUITests";
				PRODUCT_NAME = "$(TARGET_NAME)";
				SWIFT_EMIT_LOC_STRINGS = NO;
				SWIFT_VERSION = 5.0;
				TARGETED_DEVICE_FAMILY = "1,2";
				TEST_TARGET_NAME = "SwiftUI-CoffeeApp";
			};
			name = Debug;
		};
		6145D4BF28C53AAD00BA8FFF /* Release */ = {
			isa = XCBuildConfiguration;
			buildSettings = {
				ALWAYS_EMBED_SWIFT_STANDARD_LIBRARIES = YES;
				CODE_SIGN_STYLE = Automatic;
				CURRENT_PROJECT_VERSION = 1;
				GENERATE_INFOPLIST_FILE = YES;
				MARKETING_VERSION = 1.0;
				PRODUCT_BUNDLE_IDENTIFIER = "com.SwiftUI-CoffeeAppUITests";
				PRODUCT_NAME = "$(TARGET_NAME)";
				SWIFT_EMIT_LOC_STRINGS = NO;
				SWIFT_VERSION = 5.0;
				TARGETED_DEVICE_FAMILY = "1,2";
				TEST_TARGET_NAME = "SwiftUI-CoffeeApp";
			};
			name = Release;
		};
/* End XCBuildConfiguration section */

/* Begin XCConfigurationList section */
		6145D48E28C53AAC00BA8FFF /* Build configuration list for PBXProject "SwiftUI-CoffeeApp" */ = {
			isa = XCConfigurationList;
			buildConfigurations = (
				6145D4B528C53AAD00BA8FFF /* Debug */,
				6145D4B628C53AAD00BA8FFF /* Release */,
			);
			defaultConfigurationIsVisible = 0;
			defaultConfigurationName = Release;
		};
		6145D4B728C53AAD00BA8FFF /* Build configuration list for PBXNativeTarget "SwiftUI-CoffeeApp" */ = {
			isa = XCConfigurationList;
			buildConfigurations = (
				6145D4B828C53AAD00BA8FFF /* Debug */,
				6145D4B928C53AAD00BA8FFF /* Release */,
			);
			defaultConfigurationIsVisible = 0;
			defaultConfigurationName = Release;
		};
		6145D4BA28C53AAD00BA8FFF /* Build configuration list for PBXNativeTarget "SwiftUI-CoffeeAppTests" */ = {
			isa = XCConfigurationList;
			buildConfigurations = (
				6145D4BB28C53AAD00BA8FFF /* Debug */,
				6145D4BC28C53AAD00BA8FFF /* Release */,
			);
			defaultConfigurationIsVisible = 0;
			defaultConfigurationName = Release;
		};
		6145D4BD28C53AAD00BA8FFF /* Build configuration list for PBXNativeTarget "SwiftUI-CoffeeAppUITests" */ = {
			isa = XCConfigurationList;
			buildConfigurations = (
				6145D4BE28C53AAD00BA8FFF /* Debug */,
				6145D4BF28C53AAD00BA8FFF /* Release */,
			);
			defaultConfigurationIsVisible = 0;
			defaultConfigurationName = Release;
		};
/* End XCConfigurationList section */
	};
	rootObject = 6145D48B28C53AAC00BA8FFF /* Project object */;
}
